// !$*UTF8*$!
{
	archiveVersion = 1;
	classes = {
	};
	objectVersion = 46;
	objects = {

/* Begin PBXBuildFile section */
		D93A9D171F32EE0C0050DEAF /* AppDelegate.swift in Sources */ = {isa = PBXBuildFile; fileRef = D93A9D161F32EE0C0050DEAF /* AppDelegate.swift */; };
		D93A9D191F32EE0C0050DEAF /* ViewController.swift in Sources */ = {isa = PBXBuildFile; fileRef = D93A9D181F32EE0C0050DEAF /* ViewController.swift */; };
		D93A9D1C1F32EE0C0050DEAF /* Main.storyboard in Resources */ = {isa = PBXBuildFile; fileRef = D93A9D1A1F32EE0C0050DEAF /* Main.storyboard */; };
		D93A9D1E1F32EE0C0050DEAF /* Assets.xcassets in Resources */ = {isa = PBXBuildFile; fileRef = D93A9D1D1F32EE0C0050DEAF /* Assets.xcassets */; };
		D93A9D211F32EE0C0050DEAF /* LaunchScreen.storyboard in Resources */ = {isa = PBXBuildFile; fileRef = D93A9D1F1F32EE0C0050DEAF /* LaunchScreen.storyboard */; };
		D93A9D2C1F32EE0D0050DEAF /* FHSwiftDemoTests.swift in Sources */ = {isa = PBXBuildFile; fileRef = D93A9D2B1F32EE0D0050DEAF /* FHSwiftDemoTests.swift */; };
		D93A9D371F32EE0D0050DEAF /* FHSwiftDemoUITests.swift in Sources */ = {isa = PBXBuildFile; fileRef = D93A9D361F32EE0D0050DEAF /* FHSwiftDemoUITests.swift */; };
/* End PBXBuildFile section */

/* Begin PBXContainerItemProxy section */
		D93A9D281F32EE0D0050DEAF /* PBXContainerItemProxy */ = {
			isa = PBXContainerItemProxy;
			containerPortal = D93A9D0B1F32EE0C0050DEAF /* Project object */;
			proxyType = 1;
			remoteGlobalIDString = D93A9D121F32EE0C0050DEAF;
			remoteInfo = FHSwiftDemo;
		};
		D93A9D331F32EE0D0050DEAF /* PBXContainerItemProxy */ = {
			isa = PBXContainerItemProxy;
			containerPortal = D93A9D0B1F32EE0C0050DEAF /* Project object */;
			proxyType = 1;
			remoteGlobalIDString = D93A9D121F32EE0C0050DEAF;
			remoteInfo = FHSwiftDemo;
		};
/* End PBXContainerItemProxy section */

/* Begin PBXFileReference section */
		D93A9D131F32EE0C0050DEAF /* FHSwiftDemo.app */ = {isa = PBXFileReference; explicitFileType = wrapper.application; includeInIndex = 0; path = FHSwiftDemo.app; sourceTree = BUILT_PRODUCTS_DIR; };
		D93A9D161F32EE0C0050DEAF /* AppDelegate.swift */ = {isa = PBXFileReference; lastKnownFileType = sourcecode.swift; path = AppDelegate.swift; sourceTree = "<group>"; };
		D93A9D181F32EE0C0050DEAF /* ViewController.swift */ = {isa = PBXFileReference; lastKnownFileType = sourcecode.swift; path = ViewController.swift; sourceTree = "<group>"; };
		D93A9D1B1F32EE0C0050DEAF /* Base */ = {isa = PBXFileReference; lastKnownFileType = file.storyboard; name = Base; path = Base.lproj/Main.storyboard; sourceTree = "<group>"; };
		D93A9D1D1F32EE0C0050DEAF /* Assets.xcassets */ = {isa = PBXFileReference; lastKnownFileType = folder.assetcatalog; path = Assets.xcassets; sourceTree = "<group>"; };
		D93A9D201F32EE0C0050DEAF /* Base */ = {isa = PBXFileReference; lastKnownFileType = file.storyboard; name = Base; path = Base.lproj/LaunchScreen.storyboard; sourceTree = "<group>"; };
		D93A9D221F32EE0C0050DEAF /* Info.plist */ = {isa = PBXFileReference; lastKnownFileType = text.plist.xml; path = Info.plist; sourceTree = "<group>"; };
		D93A9D271F32EE0D0050DEAF /* FHSwiftDemoTests.xctest */ = {isa = PBXFileReference; explicitFileType = wrapper.cfbundle; includeInIndex = 0; path = FHSwiftDemoTests.xctest; sourceTree = BUILT_PRODUCTS_DIR; };
		D93A9D2B1F32EE0D0050DEAF /* FHSwiftDemoTests.swift */ = {isa = PBXFileReference; lastKnownFileType = sourcecode.swift; path = FHSwiftDemoTests.swift; sourceTree = "<group>"; };
		D93A9D2D1F32EE0D0050DEAF /* Info.plist */ = {isa = PBXFileReference; lastKnownFileType = text.plist.xml; path = Info.plist; sourceTree = "<group>"; };
		D93A9D321F32EE0D0050DEAF /* FHSwiftDemoUITests.xctest */ = {isa = PBXFileReference; explicitFileType = wrapper.cfbundle; includeInIndex = 0; path = FHSwiftDemoUITests.xctest; sourceTree = BUILT_PRODUCTS_DIR; };
		D93A9D361F32EE0D0050DEAF /* FHSwiftDemoUITests.swift */ = {isa = PBXFileReference; lastKnownFileType = sourcecode.swift; path = FHSwiftDemoUITests.swift; sourceTree = "<group>"; };
		D93A9D381F32EE0D0050DEAF /* Info.plist */ = {isa = PBXFileReference; lastKnownFileType = text.plist.xml; path = Info.plist; sourceTree = "<group>"; };
/* End PBXFileReference section */

/* Begin PBXFrameworksBuildPhase section */
		D93A9D101F32EE0C0050DEAF /* Frameworks */ = {
			isa = PBXFrameworksBuildPhase;
			buildActionMask = 2147483647;
			files = (
			);
			runOnlyForDeploymentPostprocessing = 0;
		};
		D93A9D241F32EE0D0050DEAF /* Frameworks */ = {
			isa = PBXFrameworksBuildPhase;
			buildActionMask = 2147483647;
			files = (
			);
			runOnlyForDeploymentPostprocessing = 0;
		};
		D93A9D2F1F32EE0D0050DEAF /* Frameworks */ = {
			isa = PBXFrameworksBuildPhase;
			buildActionMask = 2147483647;
			files = (
			);
			runOnlyForDeploymentPostprocessing = 0;
		};
/* End PBXFrameworksBuildPhase section */

/* Begin PBXGroup section */
		D93A9D0A1F32EE0C0050DEAF = {
			isa = PBXGroup;
			children = (
				D93A9D151F32EE0C0050DEAF /* FHSwiftDemo */,
				D93A9D2A1F32EE0D0050DEAF /* FHSwiftDemoTests */,
				D93A9D351F32EE0D0050DEAF /* FHSwiftDemoUITests */,
				D93A9D141F32EE0C0050DEAF /* Products */,
			);
			sourceTree = "<group>";
		};
		D93A9D141F32EE0C0050DEAF /* Products */ = {
			isa = PBXGroup;
			children = (
				D93A9D131F32EE0C0050DEAF /* FHSwiftDemo.app */,
				D93A9D271F32EE0D0050DEAF /* FHSwiftDemoTests.xctest */,
				D93A9D321F32EE0D0050DEAF /* FHSwiftDemoUITests.xctest */,
			);
			name = Products;
			sourceTree = "<group>";
		};
		D93A9D151F32EE0C0050DEAF /* FHSwiftDemo */ = {
			isa = PBXGroup;
			children = (
				D93A9D161F32EE0C0050DEAF /* AppDelegate.swift */,
				D93A9D181F32EE0C0050DEAF /* ViewController.swift */,
				D93A9D1A1F32EE0C0050DEAF /* Main.storyboard */,
				D93A9D1D1F32EE0C0050DEAF /* Assets.xcassets */,
				D93A9D1F1F32EE0C0050DEAF /* LaunchScreen.storyboard */,
				D93A9D221F32EE0C0050DEAF /* Info.plist */,
			);
			path = FHSwiftDemo;
			sourceTree = "<group>";
		};
		D93A9D2A1F32EE0D0050DEAF /* FHSwiftDemoTests */ = {
			isa = PBXGroup;
			children = (
				D93A9D2B1F32EE0D0050DEAF /* FHSwiftDemoTests.swift */,
				D93A9D2D1F32EE0D0050DEAF /* Info.plist */,
			);
			path = FHSwiftDemoTests;
			sourceTree = "<group>";
		};
		D93A9D351F32EE0D0050DEAF /* FHSwiftDemoUITests */ = {
			isa = PBXGroup;
			children = (
				D93A9D361F32EE0D0050DEAF /* FHSwiftDemoUITests.swift */,
				D93A9D381F32EE0D0050DEAF /* Info.plist */,
			);
			path = FHSwiftDemoUITests;
			sourceTree = "<group>";
		};
/* End PBXGroup section */

/* Begin PBXNativeTarget section */
		D93A9D121F32EE0C0050DEAF /* FHSwiftDemo */ = {
			isa = PBXNativeTarget;
			buildConfigurationList = D93A9D3B1F32EE0D0050DEAF /* Build configuration list for PBXNativeTarget "FHSwiftDemo" */;
			buildPhases = (
				D93A9D0F1F32EE0C0050DEAF /* Sources */,
				D93A9D101F32EE0C0050DEAF /* Frameworks */,
				D93A9D111F32EE0C0050DEAF /* Resources */,
			);
			buildRules = (
			);
			dependencies = (
			);
			name = FHSwiftDemo;
			productName = FHSwiftDemo;
			productReference = D93A9D131F32EE0C0050DEAF /* FHSwiftDemo.app */;
			productType = "com.apple.product-type.application";
		};
		D93A9D261F32EE0D0050DEAF /* FHSwiftDemoTests */ = {
			isa = PBXNativeTarget;
			buildConfigurationList = D93A9D3E1F32EE0D0050DEAF /* Build configuration list for PBXNativeTarget "FHSwiftDemoTests" */;
			buildPhases = (
				D93A9D231F32EE0D0050DEAF /* Sources */,
				D93A9D241F32EE0D0050DEAF /* Frameworks */,
				D93A9D251F32EE0D0050DEAF /* Resources */,
			);
			buildRules = (
			);
			dependencies = (
				D93A9D291F32EE0D0050DEAF /* PBXTargetDependency */,
			);
			name = FHSwiftDemoTests;
			productName = FHSwiftDemoTests;
			productReference = D93A9D271F32EE0D0050DEAF /* FHSwiftDemoTests.xctest */;
			productType = "com.apple.product-type.bundle.unit-test";
		};
		D93A9D311F32EE0D0050DEAF /* FHSwiftDemoUITests */ = {
			isa = PBXNativeTarget;
			buildConfigurationList = D93A9D411F32EE0D0050DEAF /* Build configuration list for PBXNativeTarget "FHSwiftDemoUITests" */;
			buildPhases = (
				D93A9D2E1F32EE0D0050DEAF /* Sources */,
				D93A9D2F1F32EE0D0050DEAF /* Frameworks */,
				D93A9D301F32EE0D0050DEAF /* Resources */,
			);
			buildRules = (
			);
			dependencies = (
				D93A9D341F32EE0D0050DEAF /* PBXTargetDependency */,
			);
			name = FHSwiftDemoUITests;
			productName = FHSwiftDemoUITests;
			productReference = D93A9D321F32EE0D0050DEAF /* FHSwiftDemoUITests.xctest */;
			productType = "com.apple.product-type.bundle.ui-testing";
		};
/* End PBXNativeTarget section */

/* Begin PBXProject section */
		D93A9D0B1F32EE0C0050DEAF /* Project object */ = {
			isa = PBXProject;
			attributes = {
				LastSwiftUpdateCheck = 0820;
				LastUpgradeCheck = 0820;
				ORGANIZATIONNAME = "Sansus soft";
				TargetAttributes = {
					D93A9D121F32EE0C0050DEAF = {
						CreatedOnToolsVersion = 8.2.1;
						DevelopmentTeam = WZWQ8Z2S8N;
						ProvisioningStyle = Automatic;
					};
					D93A9D261F32EE0D0050DEAF = {
						CreatedOnToolsVersion = 8.2.1;
						DevelopmentTeam = WZWQ8Z2S8N;
						ProvisioningStyle = Automatic;
						TestTargetID = D93A9D121F32EE0C0050DEAF;
					};
					D93A9D311F32EE0D0050DEAF = {
						CreatedOnToolsVersion = 8.2.1;
						DevelopmentTeam = WZWQ8Z2S8N;
						ProvisioningStyle = Automatic;
						TestTargetID = D93A9D121F32EE0C0050DEAF;
					};
				};
			};
			buildConfigurationList = D93A9D0E1F32EE0C0050DEAF /* Build configuration list for PBXProject "FHSwiftDemo" */;
			compatibilityVersion = "Xcode 3.2";
			developmentRegion = English;
			hasScannedForEncodings = 0;
			knownRegions = (
				en,
				Base,
			);
			mainGroup = D93A9D0A1F32EE0C0050DEAF;
			productRefGroup = D93A9D141F32EE0C0050DEAF /* Products */;
			projectDirPath = "";
			projectRoot = "";
			targets = (
				D93A9D121F32EE0C0050DEAF /* FHSwiftDemo */,
				D93A9D261F32EE0D0050DEAF /* FHSwiftDemoTests */,
				D93A9D311F32EE0D0050DEAF /* FHSwiftDemoUITests */,
			);
		};
/* End PBXProject section */

/* Begin PBXResourcesBuildPhase section */
		D93A9D111F32EE0C0050DEAF /* Resources */ = {
			isa = PBXResourcesBuildPhase;
			buildActionMask = 2147483647;
			files = (
				D93A9D211F32EE0C0050DEAF /* LaunchScreen.storyboard in Resources */,
				D93A9D1E1F32EE0C0050DEAF /* Assets.xcassets in Resources */,
				D93A9D1C1F32EE0C0050DEAF /* Main.storyboard in Resources */,
			);
			runOnlyForDeploymentPostprocessing = 0;
		};
		D93A9D251F32EE0D0050DEAF /* Resources */ = {
			isa = PBXResourcesBuildPhase;
			buildActionMask = 2147483647;
			files = (
			);
			runOnlyForDeploymentPostprocessing = 0;
		};
		D93A9D301F32EE0D0050DEAF /* Resources */ = {
			isa = PBXResourcesBuildPhase;
			buildActionMask = 2147483647;
			files = (
			);
			runOnlyForDeploymentPostprocessing = 0;
		};
/* End PBXResourcesBuildPhase section */

/* Begin PBXSourcesBuildPhase section */
		D93A9D0F1F32EE0C0050DEAF /* Sources */ = {
			isa = PBXSourcesBuildPhase;
			buildActionMask = 2147483647;
			files = (
				D93A9D191F32EE0C0050DEAF /* ViewController.swift in Sources */,
				D93A9D171F32EE0C0050DEAF /* AppDelegate.swift in Sources */,
			);
			runOnlyForDeploymentPostprocessing = 0;
		};
		D93A9D231F32EE0D0050DEAF /* Sources */ = {
			isa = PBXSourcesBuildPhase;
			buildActionMask = 2147483647;
			files = (
				D93A9D2C1F32EE0D0050DEAF /* FHSwiftDemoTests.swift in Sources */,
			);
			runOnlyForDeploymentPostprocessing = 0;
		};
		D93A9D2E1F32EE0D0050DEAF /* Sources */ = {
			isa = PBXSourcesBuildPhase;
			buildActionMask = 2147483647;
			files = (
				D93A9D371F32EE0D0050DEAF /* FHSwiftDemoUITests.swift in Sources */,
			);
			runOnlyForDeploymentPostprocessing = 0;
		};
/* End PBXSourcesBuildPhase section */

/* Begin PBXTargetDependency section */
		D93A9D291F32EE0D0050DEAF /* PBXTargetDependency */ = {
			isa = PBXTargetDependency;
			target = D93A9D121F32EE0C0050DEAF /* FHSwiftDemo */;
			targetProxy = D93A9D281F32EE0D0050DEAF /* PBXContainerItemProxy */;
		};
		D93A9D341F32EE0D0050DEAF /* PBXTargetDependency */ = {
			isa = PBXTargetDependency;
			target = D93A9D121F32EE0C0050DEAF /* FHSwiftDemo */;
			targetProxy = D93A9D331F32EE0D0050DEAF /* PBXContainerItemProxy */;
		};
/* End PBXTargetDependency section */

/* Begin PBXVariantGroup section */
		D93A9D1A1F32EE0C0050DEAF /* Main.storyboard */ = {
			isa = PBXVariantGroup;
			children = (
				D93A9D1B1F32EE0C0050DEAF /* Base */,
			);
			name = Main.storyboard;
			sourceTree = "<group>";
		};
		D93A9D1F1F32EE0C0050DEAF /* LaunchScreen.storyboard */ = {
			isa = PBXVariantGroup;
			children = (
				D93A9D201F32EE0C0050DEAF /* Base */,
			);
			name = LaunchScreen.storyboard;
			sourceTree = "<group>";
		};
/* End PBXVariantGroup section */

/* Begin XCBuildConfiguration section */
		D93A9D391F32EE0D0050DEAF /* Debug */ = {
			isa = XCBuildConfiguration;
			buildSettings = {
				ALWAYS_SEARCH_USER_PATHS = NO;
				CLANG_ANALYZER_NONNULL = YES;
				CLANG_CXX_LANGUAGE_STANDARD = "gnu++0x";
				CLANG_CXX_LIBRARY = "libc++";
				CLANG_ENABLE_MODULES = YES;
				CLANG_ENABLE_OBJC_ARC = YES;
				CLANG_WARN_BOOL_CONVERSION = YES;
				CLANG_WARN_CONSTANT_CONVERSION = YES;
				CLANG_WARN_DIRECT_OBJC_ISA_USAGE = YES_ERROR;
				CLANG_WARN_DOCUMENTATION_COMMENTS = YES;
				CLANG_WARN_EMPTY_BODY = YES;
				CLANG_WARN_ENUM_CONVERSION = YES;
				CLANG_WARN_INFINITE_RECURSION = YES;
				CLANG_WARN_INT_CONVERSION = YES;
				CLANG_WARN_OBJC_ROOT_CLASS = YES_ERROR;
				CLANG_WARN_SUSPICIOUS_MOVE = YES;
				CLANG_WARN_UNREACHABLE_CODE = YES;
				CLANG_WARN__DUPLICATE_METHOD_MATCH = YES;
				"CODE_SIGN_IDENTITY[sdk=iphoneos*]" = "iPhone Developer";
				COPY_PHASE_STRIP = NO;
				DEBUG_INFORMATION_FORMAT = dwarf;
				ENABLE_STRICT_OBJC_MSGSEND = YES;
				ENABLE_TESTABILITY = YES;
				GCC_C_LANGUAGE_STANDARD = gnu99;
				GCC_DYNAMIC_NO_PIC = NO;
				GCC_NO_COMMON_BLOCKS = YES;
				GCC_OPTIMIZATION_LEVEL = 0;
				GCC_PREPROCESSOR_DEFINITIONS = (
					"DEBUG=1",
					"$(inherited)",
				);
				GCC_WARN_64_TO_32_BIT_CONVERSION = YES;
				GCC_WARN_ABOUT_RETURN_TYPE = YES_ERROR;
				GCC_WARN_UNDECLARED_SELECTOR = YES;
				GCC_WARN_UNINITIALIZED_AUTOS = YES_AGGRESSIVE;
				GCC_WARN_UNUSED_FUNCTION = YES;
				GCC_WARN_UNUSED_VARIABLE = YES;
				IPHONEOS_DEPLOYMENT_TARGET = 10.2;
				MTL_ENABLE_DEBUG_INFO = YES;
				ONLY_ACTIVE_ARCH = YES;
				SDKROOT = iphoneos;
				SWIFT_ACTIVE_COMPILATION_CONDITIONS = DEBUG;
				SWIFT_OPTIMIZATION_LEVEL = "-Onone";
			};
			name = Debug;
		};
		D93A9D3A1F32EE0D0050DEAF /* Release */ = {
			isa = XCBuildConfiguration;
			buildSettings = {
				ALWAYS_SEARCH_USER_PATHS = NO;
				CLANG_ANALYZER_NONNULL = YES;
				CLANG_CXX_LANGUAGE_STANDARD = "gnu++0x";
				CLANG_CXX_LIBRARY = "libc++";
				CLANG_ENABLE_MODULES = YES;
				CLANG_ENABLE_OBJC_ARC = YES;
				CLANG_WARN_BOOL_CONVERSION = YES;
				CLANG_WARN_CONSTANT_CONVERSION = YES;
				CLANG_WARN_DIRECT_OBJC_ISA_USAGE = YES_ERROR;
				CLANG_WARN_DOCUMENTATION_COMMENTS = YES;
				CLANG_WARN_EMPTY_BODY = YES;
				CLANG_WARN_ENUM_CONVERSION = YES;
				CLANG_WARN_INFINITE_RECURSION = YES;
				CLANG_WARN_INT_CONVERSION = YES;
				CLANG_WARN_OBJC_ROOT_CLASS = YES_ERROR;
				CLANG_WARN_SUSPICIOUS_MOVE = YES;
				CLANG_WARN_UNREACHABLE_CODE = YES;
				CLANG_WARN__DUPLICATE_METHOD_MATCH = YES;
				"CODE_SIGN_IDENTITY[sdk=iphoneos*]" = "iPhone Developer";
				COPY_PHASE_STRIP = NO;
				DEBUG_INFORMATION_FORMAT = "dwarf-with-dsym";
				ENABLE_NS_ASSERTIONS = NO;
				ENABLE_STRICT_OBJC_MSGSEND = YES;
				GCC_C_LANGUAGE_STANDARD = gnu99;
				GCC_NO_COMMON_BLOCKS = YES;
				GCC_WARN_64_TO_32_BIT_CONVERSION = YES;
				GCC_WARN_ABOUT_RETURN_TYPE = YES_ERROR;
				GCC_WARN_UNDECLARED_SELECTOR = YES;
				GCC_WARN_UNINITIALIZED_AUTOS = YES_AGGRESSIVE;
				GCC_WARN_UNUSED_FUNCTION = YES;
				GCC_WARN_UNUSED_VARIABLE = YES;
				IPHONEOS_DEPLOYMENT_TARGET = 10.2;
				MTL_ENABLE_DEBUG_INFO = NO;
				SDKROOT = iphoneos;
				SWIFT_OPTIMIZATION_LEVEL = "-Owholemodule";
				VALIDATE_PRODUCT = YES;
			};
			name = Release;
		};
		D93A9D3C1F32EE0D0050DEAF /* Debug */ = {
			isa = XCBuildConfiguration;
			buildSettings = {
				ASSETCATALOG_COMPILER_APPICON_NAME = AppIcon;
				DEVELOPMENT_TEAM = WZWQ8Z2S8N;
				INFOPLIST_FILE = FHSwiftDemo/Info.plist;
				LD_RUNPATH_SEARCH_PATHS = "$(inherited) @executable_path/Frameworks";
				PRODUCT_BUNDLE_IDENTIFIER = com.sensussoft.FHSwiftDemo;
				PRODUCT_NAME = "$(TARGET_NAME)";
				SWIFT_VERSION = 3.0;
			};
			name = Debug;
		};
		D93A9D3D1F32EE0D0050DEAF /* Release */ = {
			isa = XCBuildConfiguration;
			buildSettings = {
				ASSETCATALOG_COMPILER_APPICON_NAME = AppIcon;
				DEVELOPMENT_TEAM = WZWQ8Z2S8N;
				INFOPLIST_FILE = FHSwiftDemo/Info.plist;
				LD_RUNPATH_SEARCH_PATHS = "$(inherited) @executable_path/Frameworks";
				PRODUCT_BUNDLE_IDENTIFIER = com.sensussoft.FHSwiftDemo;
				PRODUCT_NAME = "$(TARGET_NAME)";
				SWIFT_VERSION = 3.0;
			};
			name = Release;
		};
		D93A9D3F1F32EE0D0050DEAF /* Debug */ = {
			isa = XCBuildConfiguration;
			buildSettings = {
				ALWAYS_EMBED_SWIFT_STANDARD_LIBRARIES = YES;
				BUNDLE_LOADER = "$(TEST_HOST)";
				DEVELOPMENT_TEAM = WZWQ8Z2S8N;
				INFOPLIST_FILE = FHSwiftDemoTests/Info.plist;
				LD_RUNPATH_SEARCH_PATHS = "$(inherited) @executable_path/Frameworks @loader_path/Frameworks";
				PRODUCT_BUNDLE_IDENTIFIER = com.sensussoft.FHSwiftDemoTests;
				PRODUCT_NAME = "$(TARGET_NAME)";
				SWIFT_VERSION = 3.0;
				TEST_HOST = "$(BUILT_PRODUCTS_DIR)/FHSwiftDemo.app/FHSwiftDemo";
			};
			name = Debug;
		};
		D93A9D401F32EE0D0050DEAF /* Release */ = {
			isa = XCBuildConfiguration;
			buildSettings = {
				ALWAYS_EMBED_SWIFT_STANDARD_LIBRARIES = YES;
				BUNDLE_LOADER = "$(TEST_HOST)";
				DEVELOPMENT_TEAM = WZWQ8Z2S8N;
				INFOPLIST_FILE = FHSwiftDemoTests/Info.plist;
				LD_RUNPATH_SEARCH_PATHS = "$(inherited) @executable_path/Frameworks @loader_path/Frameworks";
				PRODUCT_BUNDLE_IDENTIFIER = com.sensussoft.FHSwiftDemoTests;
				PRODUCT_NAME = "$(TARGET_NAME)";
				SWIFT_VERSION = 3.0;
				TEST_HOST = "$(BUILT_PRODUCTS_DIR)/FHSwiftDemo.app/FHSwiftDemo";
			};
			name = Release;
		};
		D93A9D421F32EE0D0050DEAF /* Debug */ = {
			isa = XCBuildConfiguration;
			buildSettings = {
				ALWAYS_EMBED_SWIFT_STANDARD_LIBRARIES = YES;
				DEVELOPMENT_TEAM = WZWQ8Z2S8N;
				INFOPLIST_FILE = FHSwiftDemoUITests/Info.plist;
				LD_RUNPATH_SEARCH_PATHS = "$(inherited) @executable_path/Frameworks @loader_path/Frameworks";
				PRODUCT_BUNDLE_IDENTIFIER = com.sensussoft.FHSwiftDemoUITests;
				PRODUCT_NAME = "$(TARGET_NAME)";
				SWIFT_VERSION = 3.0;
				TEST_TARGET_NAME = FHSwiftDemo;
			};
			name = Debug;
		};
		D93A9D431F32EE0D0050DEAF /* Release */ = {
			isa = XCBuildConfiguration;
			buildSettings = {
				ALWAYS_EMBED_SWIFT_STANDARD_LIBRARIES = YES;
				DEVELOPMENT_TEAM = WZWQ8Z2S8N;
				INFOPLIST_FILE = FHSwiftDemoUITests/Info.plist;
				LD_RUNPATH_SEARCH_PATHS = "$(inherited) @executable_path/Frameworks @loader_path/Frameworks";
				PRODUCT_BUNDLE_IDENTIFIER = com.sensussoft.FHSwiftDemoUITests;
				PRODUCT_NAME = "$(TARGET_NAME)";
				SWIFT_VERSION = 3.0;
				TEST_TARGET_NAME = FHSwiftDemo;
			};
			name = Release;
		};
/* End XCBuildConfiguration section */

/* Begin XCConfigurationList section */
		D93A9D0E1F32EE0C0050DEAF /* Build configuration list for PBXProject "FHSwiftDemo" */ = {
			isa = XCConfigurationList;
			buildConfigurations = (
				D93A9D391F32EE0D0050DEAF /* Debug */,
				D93A9D3A1F32EE0D0050DEAF /* Release */,
			);
			defaultConfigurationIsVisible = 0;
			defaultConfigurationName = Release;
		};
		D93A9D3B1F32EE0D0050DEAF /* Build configuration list for PBXNativeTarget "FHSwiftDemo" */ = {
			isa = XCConfigurationList;
			buildConfigurations = (
				D93A9D3C1F32EE0D0050DEAF /* Debug */,
				D93A9D3D1F32EE0D0050DEAF /* Release */,
			);
			defaultConfigurationIsVisible = 0;
		};
		D93A9D3E1F32EE0D0050DEAF /* Build configuration list for PBXNativeTarget "FHSwiftDemoTests" */ = {
			isa = XCConfigurationList;
			buildConfigurations = (
				D93A9D3F1F32EE0D0050DEAF /* Debug */,
				D93A9D401F32EE0D0050DEAF /* Release */,
			);
			defaultConfigurationIsVisible = 0;
		};
		D93A9D411F32EE0D0050DEAF /* Build configuration list for PBXNativeTarget "FHSwiftDemoUITests" */ = {
			isa = XCConfigurationList;
			buildConfigurations = (
				D93A9D421F32EE0D0050DEAF /* Debug */,
				D93A9D431F32EE0D0050DEAF /* Release */,
			);
			defaultConfigurationIsVisible = 0;
		};
/* End XCConfigurationList section */
	};
	rootObject = D93A9D0B1F32EE0C0050DEAF /* Project object */;
}
